
Microsoft Visual Studio Solution File, Format Version 12.00
# Visual Studio Version 16
VisualStudioVersion = 16.0.34031.81
MinimumVisualStudioVersion = 10.0.40219.1
Project("{8BC9CEB8-8B4A-11D0-8D11-00A0C91BC942}") = "lab2", "lab2\lab2.vcxproj", "{B711268E-E95B-42C3-A740-258DF989AD15}"
EndProject
Global
	GlobalSection(SolutionConfigurationPlatforms) = preSolution
		Debug|x64 = Debug|x64
		Debug|x86 = Debug|x86
		Release|x64 = Release|x64
		Release|x86 = Release|x86
	EndGlobalSection
	GlobalSection(ProjectConfigurationPlatforms) = postSolution
		{B711268E-E95B-42C3-A740-258DF989AD15}.Debug|x64.ActiveCfg = Debug|x64
		{B711268E-E95B-42C3-A740-258DF989AD15}.Debug|x64.Build.0 = Debug|x64
		{B711268E-E95B-42C3-A740-258DF989AD15}.Debug|x86.ActiveCfg = Debug|Win32
		{B711268E-E95B-42C3-A740-258DF989AD15}.Debug|x86.Build.0 = Debug|Win32
		{B711268E-E95B-42C3-A740-258DF989AD15}.Release|x64.ActiveCfg = Release|x64
		{B711268E-E95B-42C3-A740-258DF989AD15}.Release|x64.Build.0 = Release|x64
		{B711268E-E95B-42C3-A740-258DF989AD15}.Release|x86.ActiveCfg = Release|Win32
		{B711268E-E95B-42C3-A740-258DF989AD15}.Release|x86.Build.0 = Release|Win32
	EndGlobalSection
	GlobalSection(SolutionProperties) = preSolution
		HideSolutionNode = FALSE
	EndGlobalSection
	GlobalSection(ExtensibilityGlobals) = postSolution
		SolutionGuid = {8DD95C95-73BE-4465-96DC-BBBF194223D7}
	EndGlobalSection
EndGlobal
